
Microsoft Visual Studio Solution File, Format Version 12.00
# Visual Studio 15
Project("{FAE04EC0-301F-11D3-BF4B-00C04F79EFBC}") = "Assembly-CSharp", "Assembly-CSharp.csproj", "{CDD9F227-7F2C-E407-7FC4-8C8D940403EA}"
EndProject
Global
	GlobalSection(SolutionConfigurationPlatforms) = preSolution
		Debug|Any CPU = Debug|Any CPU
		Release|Any CPU = Release|Any CPU
	EndGlobalSection
	GlobalSection(ProjectConfigurationPlatforms) = postSolution
		{CDD9F227-7F2C-E407-7FC4-8C8D940403EA}.Debug|Any CPU.ActiveCfg = Debug|Any CPU
		{CDD9F227-7F2C-E407-7FC4-8C8D940403EA}.Debug|Any CPU.Build.0 = Debug|Any CPU
		{CDD9F227-7F2C-E407-7FC4-8C8D940403EA}.Release|Any CPU.ActiveCfg = Release|Any CPU
		{CDD9F227-7F2C-E407-7FC4-8C8D940403EA}.Release|Any CPU.Build.0 = Release|Any CPU
	EndGlobalSection
	GlobalSection(SolutionProperties) = preSolution
		HideSolutionNode = FALSE
	EndGlobalSection
EndGlobal
